
Microsoft Visual Studio Solution File, Format Version 12.00
# Visual Studio Version 16
VisualStudioVersion = 16.0.30104.148
MinimumVisualStudioVersion = 10.0.40219.1
Project("{FAE04EC0-301F-11D3-BF4B-00C04F79EFBC}") = "Notes.Android", "Notes\Notes.Android\Notes.Android.csproj", "{1B4CC849-A73E-4531-A1F1-9952F380A22D}"
EndProject
Project("{FAE04EC0-301F-11D3-BF4B-00C04F79EFBC}") = "Notes.iOS", "Notes\Notes.iOS\Notes.iOS.csproj", "{ABA34B53-7A4F-43A7-8B9A-BFBADB25FF85}"
EndProject
Project("{FAE04EC0-301F-11D3-BF4B-00C04F79EFBC}") = "Notes", "Notes\Notes\Notes.csproj", "{D0EF72E5-555E-48AB-A26A-22B9005E881E}"
EndProject
Global
	GlobalSection(SolutionConfigurationPlatforms) = preSolution
		Debug|Any CPU = Debug|Any CPU
		Debug|iPhone = Debug|iPhone
		Debug|iPhoneSimulator = Debug|iPhoneSimulator
		Release|Any CPU = Release|Any CPU
		Release|iPhone = Release|iPhone
		Release|iPhoneSimulator = Release|iPhoneSimulator
	EndGlobalSection
	GlobalSection(ProjectConfigurationPlatforms) = postSolution
		{1B4CC849-A73E-4531-A1F1-9952F380A22D}.Debug|Any CPU.ActiveCfg = Debug|Any CPU
		{1B4CC849-A73E-4531-A1F1-9952F380A22D}.Debug|Any CPU.Build.0 = Debug|Any CPU
		{1B4CC849-A73E-4531-A1F1-9952F380A22D}.Debug|Any CPU.Deploy.0 = Debug|Any CPU
		{1B4CC849-A73E-4531-A1F1-9952F380A22D}.Debug|iPhone.ActiveCfg = Debug|Any CPU
		{1B4CC849-A73E-4531-A1F1-9952F380A22D}.Debug|iPhone.Build.0 = Debug|Any CPU
		{1B4CC849-A73E-4531-A1F1-9952F380A22D}.Debug|iPhone.Deploy.0 = Debug|Any CPU
		{1B4CC849-A73E-4531-A1F1-9952F380A22D}.Debug|iPhoneSimulator.ActiveCfg = Debug|Any CPU
		{1B4CC849-A73E-4531-A1F1-9952F380A22D}.Debug|iPhoneSimulator.Build.0 = Debug|Any CPU
		{1B4CC849-A73E-4531-A1F1-9952F380A22D}.Debug|iPhoneSimulator.Deploy.0 = Debug|Any CPU
		{1B4CC849-A73E-4531-A1F1-9952F380A22D}.Release|Any CPU.ActiveCfg = Release|Any CPU
		{1B4CC849-A73E-4531-A1F1-9952F380A22D}.Release|Any CPU.Build.0 = Release|Any CPU
		{1B4CC849-A73E-4531-A1F1-9952F380A22D}.Release|Any CPU.Deploy.0 = Release|Any CPU
		{1B4CC849-A73E-4531-A1F1-9952F380A22D}.Release|iPhone.ActiveCfg = Release|Any CPU
		{1B4CC849-A73E-4531-A1F1-9952F380A22D}.Release|iPhone.Build.0 = Release|Any CPU
		{1B4CC849-A73E-4531-A1F1-9952F380A22D}.Release|iPhone.Deploy.0 = Release|Any CPU
		{1B4CC849-A73E-4531-A1F1-9952F380A22D}.Release|iPhoneSimulator.ActiveCfg = Release|Any CPU
		{1B4CC849-A73E-4531-A1F1-9952F380A22D}.Release|iPhoneSimulator.Build.0 = Release|Any CPU
		{1B4CC849-A73E-4531-A1F1-9952F380A22D}.Release|iPhoneSimulator.Deploy.0 = Release|Any CPU
		{ABA34B53-7A4F-43A7-8B9A-BFBADB25FF85}.Debug|Any CPU.ActiveCfg = Debug|iPhone
		{ABA34B53-7A4F-43A7-8B9A-BFBADB25FF85}.Debug|Any CPU.Build.0 = Debug|iPhone
		{ABA34B53-7A4F-43A7-8B9A-BFBADB25FF85}.Debug|Any CPU.Deploy.0 = Debug|iPhone
		{ABA34B53-7A4F-43A7-8B9A-BFBADB25FF85}.Debug|iPhone.ActiveCfg = Debug|iPhone
		{ABA34B53-7A4F-43A7-8B9A-BFBADB25FF85}.Debug|iPhone.Build.0 = Debug|iPhone
		{ABA34B53-7A4F-43A7-8B9A-BFBADB25FF85}.Debug|iPhone.Deploy.0 = Debug|iPhone
		{ABA34B53-7A4F-43A7-8B9A-BFBADB25FF85}.Debug|iPhoneSimulator.ActiveCfg = Debug|iPhoneSimulator
		{ABA34B53-7A4F-43A7-8B9A-BFBADB25FF85}.Debug|iPhoneSimulator.Build.0 = Debug|iPhoneSimulator
		{ABA34B53-7A4F-43A7-8B9A-BFBADB25FF85}.Debug|iPhoneSimulator.Deploy.0 = Debug|iPhoneSimulator
		{ABA34B53-7A4F-43A7-8B9A-BFBADB25FF85}.Release|Any CPU.ActiveCfg = Release|iPhone
		{ABA34B53-7A4F-43A7-8B9A-BFBADB25FF85}.Release|Any CPU.Build.0 = Release|iPhone
		{ABA34B53-7A4F-43A7-8B9A-BFBADB25FF85}.Release|Any CPU.Deploy.0 = Release|iPhone
		{ABA34B53-7A4F-43A7-8B9A-BFBADB25FF85}.Release|iPhone.ActiveCfg = Release|iPhone
		{ABA34B53-7A4F-43A7-8B9A-BFBADB25FF85}.Release|iPhone.Build.0 = Release|iPhone
		{ABA34B53-7A4F-43A7-8B9A-BFBADB25FF85}.Release|iPhone.Deploy.0 = Release|iPhone
		{ABA34B53-7A4F-43A7-8B9A-BFBADB25FF85}.Release|iPhoneSimulator.ActiveCfg = Release|iPhoneSimulator
		{ABA34B53-7A4F-43A7-8B9A-BFBADB25FF85}.Release|iPhoneSimulator.Build.0 = Release|iPhoneSimulator
		{ABA34B53-7A4F-43A7-8B9A-BFBADB25FF85}.Release|iPhoneSimulator.Deploy.0 = Release|iPhoneSimulator
		{D0EF72E5-555E-48AB-A26A-22B9005E881E}.Debug|Any CPU.ActiveCfg = Debug|Any CPU
		{D0EF72E5-555E-48AB-A26A-22B9005E881E}.Debug|Any CPU.Build.0 = Debug|Any CPU
		{D0EF72E5-555E-48AB-A26A-22B9005E881E}.Debug|Any CPU.Deploy.0 = Debug|Any CPU
		{D0EF72E5-555E-48AB-A26A-22B9005E881E}.Debug|iPhone.ActiveCfg = Debug|Any CPU
		{D0EF72E5-555E-48AB-A26A-22B9005E881E}.Debug|iPhone.Build.0 = Debug|Any CPU
		{D0EF72E5-555E-48AB-A26A-22B9005E881E}.Debug|iPhone.Deploy.0 = Debug|Any CPU
		{D0EF72E5-555E-48AB-A26A-22B9005E881E}.Debug|iPhoneSimulator.ActiveCfg = Debug|Any CPU
		{D0EF72E5-555E-48AB-A26A-22B9005E881E}.Debug|iPhoneSimulator.Build.0 = Debug|Any CPU
		{D0EF72E5-555E-48AB-A26A-22B9005E881E}.Debug|iPhoneSimulator.Deploy.0 = Debug|Any CPU
		{D0EF72E5-555E-48AB-A26A-22B9005E881E}.Release|Any CPU.ActiveCfg = Release|Any CPU
		{D0EF72E5-555E-48AB-A26A-22B9005E881E}.Release|Any CPU.Build.0 = Release|Any CPU
		{D0EF72E5-555E-48AB-A26A-22B9005E881E}.Release|Any CPU.Deploy.0 = Release|Any CPU
		{D0EF72E5-555E-48AB-A26A-22B9005E881E}.Release|iPhone.ActiveCfg = Release|Any CPU
		{D0EF72E5-555E-48AB-A26A-22B9005E881E}.Release|iPhone.Build.0 = Release|Any CPU
		{D0EF72E5-555E-48AB-A26A-22B9005E881E}.Release|iPhone.Deploy.0 = Release|Any CPU
		{D0EF72E5-555E-48AB-A26A-22B9005E881E}.Release|iPhoneSimulator.ActiveCfg = Release|Any CPU
		{D0EF72E5-555E-48AB-A26A-22B9005E881E}.Release|iPhoneSimulator.Build.0 = Release|Any CPU
		{D0EF72E5-555E-48AB-A26A-22B9005E881E}.Release|iPhoneSimulator.Deploy.0 = Release|Any CPU
	EndGlobalSection
	GlobalSection(SolutionProperties) = preSolution
		HideSolutionNode = FALSE
	EndGlobalSection
	GlobalSection(ExtensibilityGlobals) = postSolution
		SolutionGuid = {2C3E2F04-ED7E-4091-B35D-34A78ECD09C3}
	EndGlobalSection
EndGlobal
